
Microsoft Visual Studio Solution File, Format Version 12.00
# Visual Studio Version 17
VisualStudioVersion = 17.7.34031.279
MinimumVisualStudioVersion = 10.0.40219.1
Project("{FAE04EC0-301F-11D3-BF4B-00C04F79EFBC}") = "Calculator", "Calculator\Calculator.csproj", "{ED8FD729-2D03-4F14-BBCC-1832DE08440B}"
EndProject
Global
	GlobalSection(SolutionConfigurationPlatforms) = preSolution
		Debug|Any CPU = Debug|Any CPU
		Release|Any CPU = Release|Any CPU
	EndGlobalSection
	GlobalSection(ProjectConfigurationPlatforms) = postSolution
		{ED8FD729-2D03-4F14-BBCC-1832DE08440B}.Debug|Any CPU.ActiveCfg = Debug|Any CPU
		{ED8FD729-2D03-4F14-BBCC-1832DE08440B}.Debug|Any CPU.Build.0 = Debug|Any CPU
		{ED8FD729-2D03-4F14-BBCC-1832DE08440B}.Release|Any CPU.ActiveCfg = Release|Any CPU
		{ED8FD729-2D03-4F14-BBCC-1832DE08440B}.Release|Any CPU.Build.0 = Release|Any CPU
	EndGlobalSection
	GlobalSection(SolutionProperties) = preSolution
		HideSolutionNode = FALSE
	EndGlobalSection
	GlobalSection(ExtensibilityGlobals) = postSolution
		SolutionGuid = {0736362E-9D16-4A0F-9BC2-F1DEC13E78AF}
	EndGlobalSection
EndGlobal
