
Microsoft Visual Studio Solution File, Format Version 12.00
# Visual Studio Version 17
VisualStudioVersion = 17.7.34031.279
MinimumVisualStudioVersion = 10.0.40219.1
Project("{9A19103F-16F7-4668-BE54-9A1E7A4F7556}") = "С#Lessons_2", "С#Lessons\С#Lessons_2.csproj", "{4A22125B-2272-492F-92ED-054ABF0733C0}"
EndProject
Project("{FAE04EC0-301F-11D3-BF4B-00C04F79EFBC}") = "Lesson_3", "Lesson_3\Lesson_3.csproj", "{2CE2EED3-3D6F-4842-BF11-99EC7D28EDDB}"
EndProject
Global
	GlobalSection(SolutionConfigurationPlatforms) = preSolution
		Debug|Any CPU = Debug|Any CPU
		Release|Any CPU = Release|Any CPU
	EndGlobalSection
	GlobalSection(ProjectConfigurationPlatforms) = postSolution
		{4A22125B-2272-492F-92ED-054ABF0733C0}.Debug|Any CPU.ActiveCfg = Debug|Any CPU
		{4A22125B-2272-492F-92ED-054ABF0733C0}.Debug|Any CPU.Build.0 = Debug|Any CPU
		{4A22125B-2272-492F-92ED-054ABF0733C0}.Release|Any CPU.ActiveCfg = Release|Any CPU
		{4A22125B-2272-492F-92ED-054ABF0733C0}.Release|Any CPU.Build.0 = Release|Any CPU
		{2CE2EED3-3D6F-4842-BF11-99EC7D28EDDB}.Debug|Any CPU.ActiveCfg = Debug|Any CPU
		{2CE2EED3-3D6F-4842-BF11-99EC7D28EDDB}.Debug|Any CPU.Build.0 = Debug|Any CPU
		{2CE2EED3-3D6F-4842-BF11-99EC7D28EDDB}.Release|Any CPU.ActiveCfg = Release|Any CPU
		{2CE2EED3-3D6F-4842-BF11-99EC7D28EDDB}.Release|Any CPU.Build.0 = Release|Any CPU
	EndGlobalSection
	GlobalSection(SolutionProperties) = preSolution
		HideSolutionNode = FALSE
	EndGlobalSection
	GlobalSection(ExtensibilityGlobals) = postSolution
		SolutionGuid = {791D1409-0F12-4CFE-BF7B-30135FCF0F99}
	EndGlobalSection
EndGlobal
